
Microsoft Visual Studio Solution File, Format Version 12.00
# Visual Studio 15
VisualStudioVersion = 15.0.28307.1585
MinimumVisualStudioVersion = 10.0.40219.1
Project("{FAE04EC0-301F-11D3-BF4B-00C04F79EFBC}") = "Bssc", "Bssc\Bssc.csproj", "{BE88C5F4-5CDC-4A01-BF29-D16615529845}"
EndProject
Project("{FAE04EC0-301F-11D3-BF4B-00C04F79EFBC}") = "DynamicDataGridViewTool", "DynamicDataGridViewTool\DynamicDataGridViewTool.csproj", "{0837098C-EE9E-465C-9412-E6215EC297B6}"
EndProject
Global
	GlobalSection(SolutionConfigurationPlatforms) = preSolution
		Debug|Any CPU = Debug|Any CPU
		Release|Any CPU = Release|Any CPU
	EndGlobalSection
	GlobalSection(ProjectConfigurationPlatforms) = postSolution
		{BE88C5F4-5CDC-4A01-BF29-D16615529845}.Debug|Any CPU.ActiveCfg = Debug|Any CPU
		{BE88C5F4-5CDC-4A01-BF29-D16615529845}.Debug|Any CPU.Build.0 = Debug|Any CPU
		{BE88C5F4-5CDC-4A01-BF29-D16615529845}.Release|Any CPU.ActiveCfg = Release|Any CPU
		{BE88C5F4-5CDC-4A01-BF29-D16615529845}.Release|Any CPU.Build.0 = Release|Any CPU
		{0837098C-EE9E-465C-9412-E6215EC297B6}.Debug|Any CPU.ActiveCfg = Debug|Any CPU
		{0837098C-EE9E-465C-9412-E6215EC297B6}.Debug|Any CPU.Build.0 = Debug|Any CPU
		{0837098C-EE9E-465C-9412-E6215EC297B6}.Release|Any CPU.ActiveCfg = Release|Any CPU
		{0837098C-EE9E-465C-9412-E6215EC297B6}.Release|Any CPU.Build.0 = Release|Any CPU
	EndGlobalSection
	GlobalSection(SolutionProperties) = preSolution
		HideSolutionNode = FALSE
	EndGlobalSection
	GlobalSection(ExtensibilityGlobals) = postSolution
		SolutionGuid = {8498DC03-0E2D-4278-892B-99CAE5E5D84B}
	EndGlobalSection
EndGlobal
